
Microsoft Visual Studio Solution File, Format Version 12.00
# Visual Studio 14
VisualStudioVersion = 14.0.22823.1
MinimumVisualStudioVersion = 10.0.40219.1
Project("{FAE04EC0-301F-11D3-BF4B-00C04F79EFBC}") = "CommonNews", "CommonNews\CommonNews.csproj", "{EFA95396-198C-4C1C-9B7A-CDA133AA4EDF}"
EndProject
Project("{2150E333-8FDC-42A3-9474-1A3956D46DE8}") = "00UI", "00UI", "{0780CFB1-BA87-44E1-8FCD-8201B47DB0F4}"
EndProject
Project("{FAE04EC0-301F-11D3-BF4B-00C04F79EFBC}") = "CommonNews.Logic", "CommonNews.Logic\CommonNews.Logic.csproj", "{D86F9A7B-CC05-4902-ABC8-E19CEBCCBFCC}"
EndProject
Project("{FAE04EC0-301F-11D3-BF4B-00C04F79EFBC}") = "CommonNews.Helper", "CommonNews.Helper\CommonNews.Helper.csproj", "{6ED106EB-C333-4600-90C5-9A965C7365FF}"
EndProject
Project("{2150E333-8FDC-42A3-9474-1A3956D46DE8}") = "01BusinessLogic", "01BusinessLogic", "{BA213B9A-17E8-4A44-8340-322B52137A2D}"
EndProject
Project("{2150E333-8FDC-42A3-9474-1A3956D46DE8}") = "02Repository", "02Repository", "{AAAEBA65-F8D8-4FEE-90C6-078B6F294F20}"
EndProject
Project("{2150E333-8FDC-42A3-9474-1A3956D46DE8}") = "03Infrastructure", "03Infrastructure", "{B54CD016-A1BE-4A39-9B46-6F115232E107}"
EndProject
Project("{FAE04EC0-301F-11D3-BF4B-00C04F79EFBC}") = "CommonNews.AdminLogic", "CommonNews.AdminLogic\CommonNews.AdminLogic.csproj", "{2626F67C-56DF-4872-9663-54ADB5DA6264}"
EndProject
Project("{FAE04EC0-301F-11D3-BF4B-00C04F79EFBC}") = "Common", "Common\Common.csproj", "{AD801D46-EA66-4AB9-9214-2C89B03CDF00}"
EndProject
Project("{FAE04EC0-301F-11D3-BF4B-00C04F79EFBC}") = "Models", "Models\Models.csproj", "{991ECD5C-EDDB-4363-96B5-4207AB842A38}"
EndProject
Project("{FAE04EC0-301F-11D3-BF4B-00C04F79EFBC}") = "BLL", "BLL\BLL.csproj", "{63C20414-6696-458A-83BF-0D3AB8AB8D33}"
EndProject
Project("{FAE04EC0-301F-11D3-BF4B-00C04F79EFBC}") = "IDAL", "IDAL\IDAL.csproj", "{151D0FB9-9DC2-44BB-8662-AD82E766EA35}"
EndProject
Project("{FAE04EC0-301F-11D3-BF4B-00C04F79EFBC}") = "IBLL", "IBLL\IBLL.csproj", "{F56BC513-596E-4876-8FF5-B58F26B8198E}"
EndProject
Project("{FAE04EC0-301F-11D3-BF4B-00C04F79EFBC}") = "DALMSSQL", "DALMSSQL\DALMSSQL.csproj", "{A5765E65-88BC-4D3F-96BE-D5C7B90E7578}"
EndProject
Project("{FAE04EC0-301F-11D3-BF4B-00C04F79EFBC}") = "WebApplication1", "WebApplication1\WebApplication1.csproj", "{A1FC394C-6336-4FB2-A8F3-969D52B22D42}"
EndProject
Global
	GlobalSection(SolutionConfigurationPlatforms) = preSolution
		Debug|Any CPU = Debug|Any CPU
		Release|Any CPU = Release|Any CPU
	EndGlobalSection
	GlobalSection(ProjectConfigurationPlatforms) = postSolution
		{EFA95396-198C-4C1C-9B7A-CDA133AA4EDF}.Debug|Any CPU.ActiveCfg = Debug|Any CPU
		{EFA95396-198C-4C1C-9B7A-CDA133AA4EDF}.Debug|Any CPU.Build.0 = Debug|Any CPU
		{EFA95396-198C-4C1C-9B7A-CDA133AA4EDF}.Release|Any CPU.ActiveCfg = Release|Any CPU
		{EFA95396-198C-4C1C-9B7A-CDA133AA4EDF}.Release|Any CPU.Build.0 = Release|Any CPU
		{D86F9A7B-CC05-4902-ABC8-E19CEBCCBFCC}.Debug|Any CPU.ActiveCfg = Debug|Any CPU
		{D86F9A7B-CC05-4902-ABC8-E19CEBCCBFCC}.Debug|Any CPU.Build.0 = Debug|Any CPU
		{D86F9A7B-CC05-4902-ABC8-E19CEBCCBFCC}.Release|Any CPU.ActiveCfg = Release|Any CPU
		{D86F9A7B-CC05-4902-ABC8-E19CEBCCBFCC}.Release|Any CPU.Build.0 = Release|Any CPU
		{6ED106EB-C333-4600-90C5-9A965C7365FF}.Debug|Any CPU.ActiveCfg = Debug|Any CPU
		{6ED106EB-C333-4600-90C5-9A965C7365FF}.Debug|Any CPU.Build.0 = Debug|Any CPU
		{6ED106EB-C333-4600-90C5-9A965C7365FF}.Release|Any CPU.ActiveCfg = Release|Any CPU
		{6ED106EB-C333-4600-90C5-9A965C7365FF}.Release|Any CPU.Build.0 = Release|Any CPU
		{2626F67C-56DF-4872-9663-54ADB5DA6264}.Debug|Any CPU.ActiveCfg = Debug|Any CPU
		{2626F67C-56DF-4872-9663-54ADB5DA6264}.Debug|Any CPU.Build.0 = Debug|Any CPU
		{2626F67C-56DF-4872-9663-54ADB5DA6264}.Release|Any CPU.ActiveCfg = Release|Any CPU
		{2626F67C-56DF-4872-9663-54ADB5DA6264}.Release|Any CPU.Build.0 = Release|Any CPU
		{AD801D46-EA66-4AB9-9214-2C89B03CDF00}.Debug|Any CPU.ActiveCfg = Debug|Any CPU
		{AD801D46-EA66-4AB9-9214-2C89B03CDF00}.Debug|Any CPU.Build.0 = Debug|Any CPU
		{AD801D46-EA66-4AB9-9214-2C89B03CDF00}.Release|Any CPU.ActiveCfg = Release|Any CPU
		{AD801D46-EA66-4AB9-9214-2C89B03CDF00}.Release|Any CPU.Build.0 = Release|Any CPU
		{991ECD5C-EDDB-4363-96B5-4207AB842A38}.Debug|Any CPU.ActiveCfg = Debug|Any CPU
		{991ECD5C-EDDB-4363-96B5-4207AB842A38}.Debug|Any CPU.Build.0 = Debug|Any CPU
		{991ECD5C-EDDB-4363-96B5-4207AB842A38}.Release|Any CPU.ActiveCfg = Release|Any CPU
		{991ECD5C-EDDB-4363-96B5-4207AB842A38}.Release|Any CPU.Build.0 = Release|Any CPU
		{63C20414-6696-458A-83BF-0D3AB8AB8D33}.Debug|Any CPU.ActiveCfg = Debug|Any CPU
		{63C20414-6696-458A-83BF-0D3AB8AB8D33}.Debug|Any CPU.Build.0 = Debug|Any CPU
		{63C20414-6696-458A-83BF-0D3AB8AB8D33}.Release|Any CPU.ActiveCfg = Release|Any CPU
		{63C20414-6696-458A-83BF-0D3AB8AB8D33}.Release|Any CPU.Build.0 = Release|Any CPU
		{151D0FB9-9DC2-44BB-8662-AD82E766EA35}.Debug|Any CPU.ActiveCfg = Debug|Any CPU
		{151D0FB9-9DC2-44BB-8662-AD82E766EA35}.Debug|Any CPU.Build.0 = Debug|Any CPU
		{151D0FB9-9DC2-44BB-8662-AD82E766EA35}.Release|Any CPU.ActiveCfg = Release|Any CPU
		{151D0FB9-9DC2-44BB-8662-AD82E766EA35}.Release|Any CPU.Build.0 = Release|Any CPU
		{F56BC513-596E-4876-8FF5-B58F26B8198E}.Debug|Any CPU.ActiveCfg = Debug|Any CPU
		{F56BC513-596E-4876-8FF5-B58F26B8198E}.Debug|Any CPU.Build.0 = Debug|Any CPU
		{F56BC513-596E-4876-8FF5-B58F26B8198E}.Release|Any CPU.ActiveCfg = Release|Any CPU
		{F56BC513-596E-4876-8FF5-B58F26B8198E}.Release|Any CPU.Build.0 = Release|Any CPU
		{A5765E65-88BC-4D3F-96BE-D5C7B90E7578}.Debug|Any CPU.ActiveCfg = Debug|Any CPU
		{A5765E65-88BC-4D3F-96BE-D5C7B90E7578}.Debug|Any CPU.Build.0 = Debug|Any CPU
		{A5765E65-88BC-4D3F-96BE-D5C7B90E7578}.Release|Any CPU.ActiveCfg = Release|Any CPU
		{A5765E65-88BC-4D3F-96BE-D5C7B90E7578}.Release|Any CPU.Build.0 = Release|Any CPU
		{A1FC394C-6336-4FB2-A8F3-969D52B22D42}.Debug|Any CPU.ActiveCfg = Debug|Any CPU
		{A1FC394C-6336-4FB2-A8F3-969D52B22D42}.Debug|Any CPU.Build.0 = Debug|Any CPU
		{A1FC394C-6336-4FB2-A8F3-969D52B22D42}.Release|Any CPU.ActiveCfg = Release|Any CPU
		{A1FC394C-6336-4FB2-A8F3-969D52B22D42}.Release|Any CPU.Build.0 = Release|Any CPU
	EndGlobalSection
	GlobalSection(SolutionProperties) = preSolution
		HideSolutionNode = FALSE
	EndGlobalSection
	GlobalSection(NestedProjects) = preSolution
		{EFA95396-198C-4C1C-9B7A-CDA133AA4EDF} = {0780CFB1-BA87-44E1-8FCD-8201B47DB0F4}
		{D86F9A7B-CC05-4902-ABC8-E19CEBCCBFCC} = {0780CFB1-BA87-44E1-8FCD-8201B47DB0F4}
		{6ED106EB-C333-4600-90C5-9A965C7365FF} = {0780CFB1-BA87-44E1-8FCD-8201B47DB0F4}
		{2626F67C-56DF-4872-9663-54ADB5DA6264} = {0780CFB1-BA87-44E1-8FCD-8201B47DB0F4}
		{AD801D46-EA66-4AB9-9214-2C89B03CDF00} = {B54CD016-A1BE-4A39-9B46-6F115232E107}
		{991ECD5C-EDDB-4363-96B5-4207AB842A38} = {B54CD016-A1BE-4A39-9B46-6F115232E107}
		{63C20414-6696-458A-83BF-0D3AB8AB8D33} = {BA213B9A-17E8-4A44-8340-322B52137A2D}
		{151D0FB9-9DC2-44BB-8662-AD82E766EA35} = {AAAEBA65-F8D8-4FEE-90C6-078B6F294F20}
		{F56BC513-596E-4876-8FF5-B58F26B8198E} = {BA213B9A-17E8-4A44-8340-322B52137A2D}
		{A5765E65-88BC-4D3F-96BE-D5C7B90E7578} = {AAAEBA65-F8D8-4FEE-90C6-078B6F294F20}
		{A1FC394C-6336-4FB2-A8F3-969D52B22D42} = {0780CFB1-BA87-44E1-8FCD-8201B47DB0F4}
	EndGlobalSection
EndGlobal
